<?xml version="1.0" encoding="utf-8"?>
<Project ToolsVersion="4.0" xmlns="http://schemas.microsoft.com/developer/msbuild/2003">
  <ItemGroup>
    <Filter Include="Source Files">
      <UniqueIdentifier>{4FC737F1-C7A5-4376-A066-2A32D752A2FF}</UniqueIdentifier>
      <Extensions>cpp;c;cc;cxx;def;odl;idl;hpj;bat;asm;asmx</Extensions>
    </Filter>
    <Filter Include="Header Files">
      <UniqueIdentifier>{93995380-89BD-4b04-88EB-625FBE52EBFB}</UniqueIdentifier>
      <Extensions>h;hh;hpp;hxx;hm;inl;inc;ipp;xsd</Extensions>
    </Filter>
    <Filter Include="Resource Files">
      <UniqueIdentifier>{67DA6AB6-F800-4c08-8B7A-83BB121AAD01}</UniqueIdentifier>
      <Extensions>rc;ico;cur;bmp;dlg;rc2;rct;bin;rgs;gif;jpg;jpeg;jpe;resx;tiff;tif;png;wav;mfcribbon-ms</Extensions>
    </Filter>
    <Filter Include="Header Files\common">
      <UniqueIdentifier>{1f5eee54-6dc7-4acb-be45-b8f4720b13a5}</UniqueIdentifier>
    </Filter>
    <Filter Include="Header Files\Programs">
      <UniqueIdentifier>{4ce0b2fb-8b0d-40ea-9717-cd35106e816a}</UniqueIdentifier>
    </Filter>
  </ItemGroup>
  <ItemGroup>
    <ClCompile Include="Source.cpp">
      <Filter>Source Files</Filter>
    </ClCompile>
    <ClCompile Include="common\shader.cpp">
      <Filter>Header Files\common</Filter>
    </ClCompile>
    <ClCompile Include="entity.cpp">
      <Filter>Source Files</Filter>
    </ClCompile>
    <ClCompile Include="common\objloader.cpp">
      <Filter>Header Files\common</Filter>
    </ClCompile>
    <ClCompile Include="common\texture.cpp">
      <Filter>Header Files\common</Filter>
    </ClCompile>
    <ClCompile Include="common\controls.cpp">
      <Filter>Header Files\common</Filter>
    </ClCompile>
    <ClCompile Include="camera_entity.cpp">
      <Filter>Source Files</Filter>
    </ClCompile>
    <ClCompile Include="basic_program.cpp">
      <Filter>Header Files\Programs</Filter>
    </ClCompile>
  </ItemGroup>
  <ItemGroup>
    <ClInclude Include="entity.h">
      <Filter>Header Files</Filter>
    </ClInclude>
    <ClInclude Include="common\shader.hpp">
      <Filter>Header Files\common</Filter>
    </ClInclude>
    <ClInclude Include="common\objloader.hpp">
      <Filter>Header Files\common</Filter>
    </ClInclude>
    <ClInclude Include="common\texture.hpp">
      <Filter>Header Files\common</Filter>
    </ClInclude>
    <ClInclude Include="common\controls.hpp">
      <Filter>Header Files\common</Filter>
    </ClInclude>
    <ClInclude Include="camera_entity.h">
      <Filter>Header Files</Filter>
    </ClInclude>
    <ClInclude Include="basic_program.h">
      <Filter>Header Files\Programs</Filter>
    </ClInclude>
  </ItemGroup>
</Project>