<?xml version="1.0" encoding="utf-8"?>
<Project ToolsVersion="4.0" xmlns="http://schemas.microsoft.com/developer/msbuild/2003">
  <ItemGroup>
    <Filter Include="Source Files">
      <UniqueIdentifier>{4FC737F1-C7A5-4376-A066-2A32D752A2FF}</UniqueIdentifier>
      <Extensions>cpp;c;cc;cxx;def;odl;idl;hpj;bat;asm;asmx</Extensions>
    </Filter>
    <Filter Include="Header Files">
      <UniqueIdentifier>{93995380-89BD-4b04-88EB-625FBE52EBFB}</UniqueIdentifier>
      <Extensions>h;hh;hpp;hxx;hm;inl;inc;xsd</Extensions>
    </Filter>
    <Filter Include="Resource Files">
      <UniqueIdentifier>{67DA6AB6-F800-4c08-8B7A-83BB121AAD01}</UniqueIdentifier>
      <Extensions>rc;ico;cur;bmp;dlg;rc2;rct;bin;rgs;gif;jpg;jpeg;jpe;resx;tiff;tif;png;wav;mfcribbon-ms</Extensions>
    </Filter>
    <Filter Include="Header Files\SimpleShader">
      <UniqueIdentifier>{cd587885-db34-4df8-a455-c2667f010456}</UniqueIdentifier>
    </Filter>
    <Filter Include="Header Files\LightShader">
      <UniqueIdentifier>{ff54b4cd-1bdb-4071-9ba5-0aa426f6195f}</UniqueIdentifier>
    </Filter>
    <Filter Include="Source Files\LightShader">
      <UniqueIdentifier>{5c69eafd-0681-45dc-b087-c64aab25ce3f}</UniqueIdentifier>
    </Filter>
    <Filter Include="Source Files\SimpleShader">
      <UniqueIdentifier>{77e7be48-6bb9-4c05-a037-43aac415d943}</UniqueIdentifier>
    </Filter>
    <Filter Include="Header Files\Shader">
      <UniqueIdentifier>{ac1da81d-54d9-4ad3-8f2b-d951edf99ec0}</UniqueIdentifier>
    </Filter>
    <Filter Include="Source Files\Shader">
      <UniqueIdentifier>{2482158e-e939-4869-aad6-2dcb3af855c3}</UniqueIdentifier>
    </Filter>
  </ItemGroup>
  <ItemGroup>
    <ClCompile Include="Source.cpp">
      <Filter>Source Files</Filter>
    </ClCompile>
    <ClCompile Include="SimpleShader\simple_shader.cpp">
      <Filter>Source Files\SimpleShader</Filter>
    </ClCompile>
    <ClCompile Include="LightShader\light_shader.cpp">
      <Filter>Source Files\LightShader</Filter>
    </ClCompile>
    <ClCompile Include="shader.cpp">
      <Filter>Source Files\Shader</Filter>
    </ClCompile>
  </ItemGroup>
  <ItemGroup>
    <ClInclude Include="SimpleShader\simple_shader.h">
      <Filter>Header Files\SimpleShader</Filter>
    </ClInclude>
    <ClInclude Include="LightShader\light_shader.h">
      <Filter>Header Files\LightShader</Filter>
    </ClInclude>
    <ClInclude Include="shader.h">
      <Filter>Header Files\Shader</Filter>
    </ClInclude>
  </ItemGroup>
  <ItemGroup>
    <None Include="SimpleShader\SimpleFrameShader.shader">
      <Filter>Header Files\SimpleShader</Filter>
    </None>
    <None Include="SimpleShader\SimpleVertexShader.shader">
      <Filter>Header Files\SimpleShader</Filter>
    </None>
    <None Include="LightShader\LightFrameShader.shader">
      <Filter>Header Files\LightShader</Filter>
    </None>
    <None Include="LightShader\LightVertexShader.shader">
      <Filter>Header Files\LightShader</Filter>
    </None>
  </ItemGroup>
</Project>