<?xml version="1.0" encoding="utf-8"?>
<Project ToolsVersion="4.0" xmlns="http://schemas.microsoft.com/developer/msbuild/2003">
  <ItemGroup>
    <Filter Include="Source Files">
      <UniqueIdentifier>{4FC737F1-C7A5-4376-A066-2A32D752A2FF}</UniqueIdentifier>
      <Extensions>cpp;c;cc;cxx;def;odl;idl;hpj;bat;asm;asmx</Extensions>
    </Filter>
    <Filter Include="Header Files">
      <UniqueIdentifier>{93995380-89BD-4b04-88EB-625FBE52EBFB}</UniqueIdentifier>
      <Extensions>h;hh;hpp;hxx;hm;inl;inc;xsd</Extensions>
    </Filter>
    <Filter Include="Resource Files">
      <UniqueIdentifier>{67DA6AB6-F800-4c08-8B7A-83BB121AAD01}</UniqueIdentifier>
      <Extensions>rc;ico;cur;bmp;dlg;rc2;rct;bin;rgs;gif;jpg;jpeg;jpe;resx;tiff;tif;png;wav;mfcribbon-ms</Extensions>
    </Filter>
    <Filter Include="Shader">
      <UniqueIdentifier>{715edc49-f7f4-4ea6-9db7-e2cbc0ec8b23}</UniqueIdentifier>
    </Filter>
    <Filter Include="Shader\LightShader">
      <UniqueIdentifier>{21fa990e-2465-42d8-ba0e-898ff6ea3250}</UniqueIdentifier>
    </Filter>
    <Filter Include="Shader\SimpleShader">
      <UniqueIdentifier>{db993c3a-224e-403a-a66f-66342e559ae1}</UniqueIdentifier>
    </Filter>
  </ItemGroup>
  <ItemGroup>
    <ClCompile Include="Source.cpp">
      <Filter>Source Files</Filter>
    </ClCompile>
    <ClCompile Include="shader.cpp">
      <Filter>Source Files</Filter>
    </ClCompile>
    <ClCompile Include="LightShader\light_shader.cpp">
      <Filter>Shader\LightShader</Filter>
    </ClCompile>
    <ClCompile Include="SimpleShader\simple_shader.cpp">
      <Filter>Shader\SimpleShader</Filter>
    </ClCompile>
  </ItemGroup>
  <ItemGroup>
    <ClInclude Include="shader.h">
      <Filter>Header Files</Filter>
    </ClInclude>
    <ClInclude Include="LightShader\light_shader.h">
      <Filter>Shader\LightShader</Filter>
    </ClInclude>
    <ClInclude Include="SimpleShader\simple_shader.h">
      <Filter>Shader\SimpleShader</Filter>
    </ClInclude>
  </ItemGroup>
  <ItemGroup>
    <None Include="LightShader\LightFrameShader.shader">
      <Filter>Shader\LightShader</Filter>
    </None>
    <None Include="LightShader\LightVertexShader.shader">
      <Filter>Shader\LightShader</Filter>
    </None>
    <None Include="SimpleShader\SimpleFrameShader.shader">
      <Filter>Shader\SimpleShader</Filter>
    </None>
    <None Include="SimpleShader\SimpleVertexShader.shader">
      <Filter>Shader\SimpleShader</Filter>
    </None>
  </ItemGroup>
</Project>